
Microsoft Visual Studio Solution File, Format Version 12.00
# Visual Studio 14
VisualStudioVersion = 14.0.25420.1
MinimumVisualStudioVersion = 10.0.40219.1
Project("{FAE04EC0-301F-11D3-BF4B-00C04F79EFBC}") = "CatalogoClientes.Dominio", "CatalogoClientes.Dominio\CatalogoClientes.Dominio.csproj", "{BEB1220F-D4F7-412B-916A-0F60FECACB31}"
EndProject
Project("{FAE04EC0-301F-11D3-BF4B-00C04F79EFBC}") = "CatalogoClientes.Web", "CatalogoClientes.Web\CatalogoClientes.Web.csproj", "{6EF79FBC-E795-4783-BF09-FF644323EB21}"
EndProject
Global
	GlobalSection(SolutionConfigurationPlatforms) = preSolution
		Debug|Any CPU = Debug|Any CPU
		Release|Any CPU = Release|Any CPU
	EndGlobalSection
	GlobalSection(ProjectConfigurationPlatforms) = postSolution
		{BEB1220F-D4F7-412B-916A-0F60FECACB31}.Debug|Any CPU.ActiveCfg = Debug|Any CPU
		{BEB1220F-D4F7-412B-916A-0F60FECACB31}.Debug|Any CPU.Build.0 = Debug|Any CPU
		{BEB1220F-D4F7-412B-916A-0F60FECACB31}.Release|Any CPU.ActiveCfg = Release|Any CPU
		{BEB1220F-D4F7-412B-916A-0F60FECACB31}.Release|Any CPU.Build.0 = Release|Any CPU
		{6EF79FBC-E795-4783-BF09-FF644323EB21}.Debug|Any CPU.ActiveCfg = Debug|Any CPU
		{6EF79FBC-E795-4783-BF09-FF644323EB21}.Debug|Any CPU.Build.0 = Debug|Any CPU
		{6EF79FBC-E795-4783-BF09-FF644323EB21}.Release|Any CPU.ActiveCfg = Release|Any CPU
		{6EF79FBC-E795-4783-BF09-FF644323EB21}.Release|Any CPU.Build.0 = Release|Any CPU
	EndGlobalSection
	GlobalSection(SolutionProperties) = preSolution
		HideSolutionNode = FALSE
	EndGlobalSection
EndGlobal
